{
  "name": "airdrop94-REACT2025Q3",
  "lockfileVersion": 3,
  "requires": true,
  "packages": {
    "": {
      "devDependencies": {
        "eslint-define-config": "^2.1.0"
      }
    },
    "node_modules/eslint-define-config": {
      "version": "2.1.0",
      "resolved": "https://registry.npmjs.org/eslint-define-config/-/eslint-define-config-2.1.0.tgz",
      "integrity": "sha512-QUp6pM9pjKEVannNAbSJNeRuYwW3LshejfyBBpjeMGaJjaDUpVps4C6KVR8R7dWZnD3i0synmrE36znjTkJvdQ==",
      "deprecated": "Package no longer supported. Contact Support at https://www.npmjs.com/support for more info.",
      "dev": true,
      "funding": [
        {
          "type": "github",
          "url": "https://github.com/Shinigami92"
        },
        {
          "type": "paypal",
          "url": "https://www.paypal.com/donate/?hosted_button_id=L7GY729FBKTZY"
        }
      ],
      "license": "MIT",
      "engines": {
        "node": ">=18.0.0",
        "npm": ">=9.0.0",
        "pnpm": ">=8.6.0"
      }
    }
  }
}
